{
  "lockfile_version": "1",
  "packages": {
    "python39Packages.pip@latest": {
      "last_modified": "2023-01-02T04:31:48Z",
      "resolved": "github:NixOS/nixpkgs/a4379d2b0deefedc8dba360897557707ea9ee9a7#python39Packages.pip",
      "version": "22.2.2"
    },
    "python39Packages.setuptools@latest": {
      "last_modified": "2023-01-02T04:31:48Z",
      "resolved": "github:NixOS/nixpkgs/a4379d2b0deefedc8dba360897557707ea9ee9a7#python39Packages.setuptools",
      "version": "65.3.0"
    },
    "python39Packages.wheel@latest": {
      "last_modified": "2023-01-02T04:31:48Z",
      "resolved": "github:NixOS/nixpkgs/a4379d2b0deefedc8dba360897557707ea9ee9a7#python39Packages.wheel",
      "version": "0.37.1"
    },
    "python@3.9": {
      "last_modified": "2023-06-29T16:20:38Z",
      "resolved": "github:NixOS/nixpkgs/3c614fbc76fc152f3e1bc4b2263da6d90adf80fb#python39",
      "version": "3.9.17"
    }
  }
}